
Microsoft Visual Studio Solution File, Format Version 12.00
# Visual Studio 15
VisualStudioVersion = 15.0.27130.2010
MinimumVisualStudioVersion = 10.0.40219.1
Project("{FAE04EC0-301F-11D3-BF4B-00C04F79EFBC}") = "ParaMower", "ParaMower\ParaMower.csproj", "{D9817C0E-094B-4C38-974D-E2E79CC67F5D}"
EndProject
Project("{FAE04EC0-301F-11D3-BF4B-00C04F79EFBC}") = "ParaMower.Sample", "ParaMower.Sample\ParaMower.Sample.csproj", "{FBEC1896-F94E-4527-9547-C803ECCA89DA}"
EndProject
Project("{FAE04EC0-301F-11D3-BF4B-00C04F79EFBC}") = "ParaMower.Tests", "ParaMower.Tests\ParaMower.Tests.csproj", "{906172FB-FFD2-4DDA-B5AA-E0E124A81B05}"
EndProject
Global
	GlobalSection(SolutionConfigurationPlatforms) = preSolution
		Debug|Any CPU = Debug|Any CPU
		Release|Any CPU = Release|Any CPU
	EndGlobalSection
	GlobalSection(ProjectConfigurationPlatforms) = postSolution
		{D9817C0E-094B-4C38-974D-E2E79CC67F5D}.Debug|Any CPU.ActiveCfg = Debug|Any CPU
		{D9817C0E-094B-4C38-974D-E2E79CC67F5D}.Debug|Any CPU.Build.0 = Debug|Any CPU
		{D9817C0E-094B-4C38-974D-E2E79CC67F5D}.Release|Any CPU.ActiveCfg = Release|Any CPU
		{D9817C0E-094B-4C38-974D-E2E79CC67F5D}.Release|Any CPU.Build.0 = Release|Any CPU
		{FBEC1896-F94E-4527-9547-C803ECCA89DA}.Debug|Any CPU.ActiveCfg = Debug|Any CPU
		{FBEC1896-F94E-4527-9547-C803ECCA89DA}.Debug|Any CPU.Build.0 = Debug|Any CPU
		{FBEC1896-F94E-4527-9547-C803ECCA89DA}.Release|Any CPU.ActiveCfg = Release|Any CPU
		{FBEC1896-F94E-4527-9547-C803ECCA89DA}.Release|Any CPU.Build.0 = Release|Any CPU
		{906172FB-FFD2-4DDA-B5AA-E0E124A81B05}.Debug|Any CPU.ActiveCfg = Debug|Any CPU
		{906172FB-FFD2-4DDA-B5AA-E0E124A81B05}.Debug|Any CPU.Build.0 = Debug|Any CPU
		{906172FB-FFD2-4DDA-B5AA-E0E124A81B05}.Release|Any CPU.ActiveCfg = Release|Any CPU
		{906172FB-FFD2-4DDA-B5AA-E0E124A81B05}.Release|Any CPU.Build.0 = Release|Any CPU
	EndGlobalSection
	GlobalSection(SolutionProperties) = preSolution
		HideSolutionNode = FALSE
	EndGlobalSection
	GlobalSection(ExtensibilityGlobals) = postSolution
		SolutionGuid = {71E06E0C-E7F8-4AB3-B57F-580EF101A704}
	EndGlobalSection
EndGlobal
